
Microsoft Visual Studio Solution File, Format Version 12.00
# Visual Studio Version 17
VisualStudioVersion = 17.2.32630.192
MinimumVisualStudioVersion = 10.0.40219.1
Project("{9A19103F-16F7-4668-BE54-9A1E7A4F7556}") = "CDWarehouse.Tests", "CDWarehouse.Tests\CDWarehouse.Tests.csproj", "{354DD802-DC2C-4215-BB47-5462C26074CA}"
EndProject
Project("{FAE04EC0-301F-11D3-BF4B-00C04F79EFBC}") = "CDWarehouse", "CDWarehouse\CDWarehouse.csproj", "{96DEEF5E-CE5D-406C-96F5-86F95110C513}"
EndProject
Global
	GlobalSection(SolutionConfigurationPlatforms) = preSolution
		Debug|Any CPU = Debug|Any CPU
		Release|Any CPU = Release|Any CPU
	EndGlobalSection
	GlobalSection(ProjectConfigurationPlatforms) = postSolution
		{354DD802-DC2C-4215-BB47-5462C26074CA}.Debug|Any CPU.ActiveCfg = Debug|Any CPU
		{354DD802-DC2C-4215-BB47-5462C26074CA}.Debug|Any CPU.Build.0 = Debug|Any CPU
		{354DD802-DC2C-4215-BB47-5462C26074CA}.Release|Any CPU.ActiveCfg = Release|Any CPU
		{354DD802-DC2C-4215-BB47-5462C26074CA}.Release|Any CPU.Build.0 = Release|Any CPU
		{96DEEF5E-CE5D-406C-96F5-86F95110C513}.Debug|Any CPU.ActiveCfg = Debug|Any CPU
		{96DEEF5E-CE5D-406C-96F5-86F95110C513}.Debug|Any CPU.Build.0 = Debug|Any CPU
		{96DEEF5E-CE5D-406C-96F5-86F95110C513}.Release|Any CPU.ActiveCfg = Release|Any CPU
		{96DEEF5E-CE5D-406C-96F5-86F95110C513}.Release|Any CPU.Build.0 = Release|Any CPU
	EndGlobalSection
	GlobalSection(SolutionProperties) = preSolution
		HideSolutionNode = FALSE
	EndGlobalSection
	GlobalSection(ExtensibilityGlobals) = postSolution
		SolutionGuid = {1A061DAA-6AE2-4F96-96D6-63893339CE23}
	EndGlobalSection
EndGlobal
